<?xml version="1.0"?>
<!DOCTYPE CodeBlocks_project_file>
<CodeBlocks_project_file>
	<FileVersion major="1" minor="1"/>
	<Project>
		<Option title="crsjniproj"/>
		<Option makefile="Makefile"/>
		<Option makefile_is_custom="0"/>
		<Option default_target="-1"/>
		<Option compiler="0"/>
		<Build>
			<Target title="default">
				<Option output="dist\crsjniproj.dll"/>
				<Option working_dir="."/>
				<Option object_output="dist"/>
				<Option deps_output=".deps"/>
				<Option type="3"/>
				<Option compiler="0"/>
				<Option createDefFile="1"/>
			</Target>
		</Build>
		<Compiler>
			<Add option="-DBUILDING_DLL=1"/>
			<Add directory="include"/>
			<Add directory="C:\j2sdk1.4.2_11\include\win32"/>
			<Add directory="C:\j2sdk1.4.2_11\include"/>
		</Compiler>
		<Unit filename="src\crsJniProj.c">
			<Option compilerVar="CC"/>
			<Option target="default"/>
		</Unit>
	</Project>
</CodeBlocks_project_file>
